
Microsoft Visual Studio Solution File, Format Version 12.00
# Visual Studio Version 17
VisualStudioVersion = 17.5.33530.505
MinimumVisualStudioVersion = 10.0.40219.1
Project("{FAE04EC0-301F-11D3-BF4B-00C04F79EFBC}") = "CSharp_WinForms_POS_And_Quotation_System", "CSharp_WinForms_POS_And_Quotation_System\CSharp_WinForms_POS_And_Quotation_System.csproj", "{9FE1BFA8-B717-49E6-8260-50108052B4CB}"
EndProject
Global
	GlobalSection(SolutionConfigurationPlatforms) = preSolution
		Debug|Any CPU = Debug|Any CPU
		Release|Any CPU = Release|Any CPU
	EndGlobalSection
	GlobalSection(ProjectConfigurationPlatforms) = postSolution
		{9FE1BFA8-B717-49E6-8260-50108052B4CB}.Debug|Any CPU.ActiveCfg = Debug|Any CPU
		{9FE1BFA8-B717-49E6-8260-50108052B4CB}.Debug|Any CPU.Build.0 = Debug|Any CPU
		{9FE1BFA8-B717-49E6-8260-50108052B4CB}.Release|Any CPU.ActiveCfg = Release|Any CPU
		{9FE1BFA8-B717-49E6-8260-50108052B4CB}.Release|Any CPU.Build.0 = Release|Any CPU
	EndGlobalSection
	GlobalSection(SolutionProperties) = preSolution
		HideSolutionNode = FALSE
	EndGlobalSection
	GlobalSection(ExtensibilityGlobals) = postSolution
		SolutionGuid = {25CFF85D-EB86-4D6D-86F6-4DAD540A4600}
	EndGlobalSection
EndGlobal
